// !$*UTF8*$!
{
	archiveVersion = 1;
	classes = {
	};
	objectVersion = 46;
	objects = {

/* Begin PBXBuildFile section */
		659B34341B7A23C800483C06 /* AppDelegate.swift in Sources */ = {isa = PBXBuildFile; fileRef = 659B34331B7A23C800483C06 /* AppDelegate.swift */; };
		659B34361B7A23C800483C06 /* ViewController.swift in Sources */ = {isa = PBXBuildFile; fileRef = 659B34351B7A23C800483C06 /* ViewController.swift */; };
		659B34391B7A23C800483C06 /* Main.storyboard in Resources */ = {isa = PBXBuildFile; fileRef = 659B34371B7A23C800483C06 /* Main.storyboard */; };
		659B343B1B7A23C800483C06 /* Assets.xcassets in Resources */ = {isa = PBXBuildFile; fileRef = 659B343A1B7A23C800483C06 /* Assets.xcassets */; };
		659B343E1B7A23C800483C06 /* LaunchScreen.storyboard in Resources */ = {isa = PBXBuildFile; fileRef = 659B343C1B7A23C800483C06 /* LaunchScreen.storyboard */; };
		659B34491B7A23C800483C06 /* LetHerKnowTests.swift in Sources */ = {isa = PBXBuildFile; fileRef = 659B34481B7A23C800483C06 /* LetHerKnowTests.swift */; };
		659B34541B7A23C800483C06 /* LetHerKnowUITests.swift in Sources */ = {isa = PBXBuildFile; fileRef = 659B34531B7A23C800483C06 /* LetHerKnowUITests.swift */; };
/* End PBXBuildFile section */

/* Begin PBXContainerItemProxy section */
		659B34451B7A23C800483C06 /* PBXContainerItemProxy */ = {
			isa = PBXContainerItemProxy;
			containerPortal = 659B34281B7A23C800483C06 /* Project object */;
			proxyType = 1;
			remoteGlobalIDString = 659B342F1B7A23C800483C06;
			remoteInfo = LetHerKnow;
		};
		659B34501B7A23C800483C06 /* PBXContainerItemProxy */ = {
			isa = PBXContainerItemProxy;
			containerPortal = 659B34281B7A23C800483C06 /* Project object */;
			proxyType = 1;
			remoteGlobalIDString = 659B342F1B7A23C800483C06;
			remoteInfo = LetHerKnow;
		};
/* End PBXContainerItemProxy section */

/* Begin PBXFileReference section */
		659B34301B7A23C800483C06 /* LetHerKnow.app */ = {isa = PBXFileReference; explicitFileType = wrapper.application; includeInIndex = 0; path = LetHerKnow.app; sourceTree = BUILT_PRODUCTS_DIR; };
		659B34331B7A23C800483C06 /* AppDelegate.swift */ = {isa = PBXFileReference; lastKnownFileType = sourcecode.swift; path = AppDelegate.swift; sourceTree = "<group>"; };
		659B34351B7A23C800483C06 /* ViewController.swift */ = {isa = PBXFileReference; lastKnownFileType = sourcecode.swift; path = ViewController.swift; sourceTree = "<group>"; };
		659B34381B7A23C800483C06 /* Base */ = {isa = PBXFileReference; lastKnownFileType = file.storyboard; name = Base; path = Base.lproj/Main.storyboard; sourceTree = "<group>"; };
		659B343A1B7A23C800483C06 /* Assets.xcassets */ = {isa = PBXFileReference; lastKnownFileType = folder.assetcatalog; path = Assets.xcassets; sourceTree = "<group>"; };
		659B343D1B7A23C800483C06 /* Base */ = {isa = PBXFileReference; lastKnownFileType = file.storyboard; name = Base; path = Base.lproj/LaunchScreen.storyboard; sourceTree = "<group>"; };
		659B343F1B7A23C800483C06 /* Info.plist */ = {isa = PBXFileReference; lastKnownFileType = text.plist.xml; path = Info.plist; sourceTree = "<group>"; };
		659B34441B7A23C800483C06 /* LetHerKnowTests.xctest */ = {isa = PBXFileReference; explicitFileType = wrapper.cfbundle; includeInIndex = 0; path = LetHerKnowTests.xctest; sourceTree = BUILT_PRODUCTS_DIR; };
		659B34481B7A23C800483C06 /* LetHerKnowTests.swift */ = {isa = PBXFileReference; lastKnownFileType = sourcecode.swift; path = LetHerKnowTests.swift; sourceTree = "<group>"; };
		659B344A1B7A23C800483C06 /* Info.plist */ = {isa = PBXFileReference; lastKnownFileType = text.plist.xml; path = Info.plist; sourceTree = "<group>"; };
		659B344F1B7A23C800483C06 /* LetHerKnowUITests.xctest */ = {isa = PBXFileReference; explicitFileType = wrapper.cfbundle; includeInIndex = 0; path = LetHerKnowUITests.xctest; sourceTree = BUILT_PRODUCTS_DIR; };
		659B34531B7A23C800483C06 /* LetHerKnowUITests.swift */ = {isa = PBXFileReference; lastKnownFileType = sourcecode.swift; path = LetHerKnowUITests.swift; sourceTree = "<group>"; };
		659B34551B7A23C800483C06 /* Info.plist */ = {isa = PBXFileReference; lastKnownFileType = text.plist.xml; path = Info.plist; sourceTree = "<group>"; };
/* End PBXFileReference section */

/* Begin PBXFrameworksBuildPhase section */
		659B342D1B7A23C800483C06 /* Frameworks */ = {
			isa = PBXFrameworksBuildPhase;
			buildActionMask = 2147483647;
			files = (
			);
			runOnlyForDeploymentPostprocessing = 0;
		};
		659B34411B7A23C800483C06 /* Frameworks */ = {
			isa = PBXFrameworksBuildPhase;
			buildActionMask = 2147483647;
			files = (
			);
			runOnlyForDeploymentPostprocessing = 0;
		};
		659B344C1B7A23C800483C06 /* Frameworks */ = {
			isa = PBXFrameworksBuildPhase;
			buildActionMask = 2147483647;
			files = (
			);
			runOnlyForDeploymentPostprocessing = 0;
		};
/* End PBXFrameworksBuildPhase section */

/* Begin PBXGroup section */
		659B34271B7A23C700483C06 = {
			isa = PBXGroup;
			children = (
				659B34321B7A23C800483C06 /* LetHerKnow */,
				659B34471B7A23C800483C06 /* LetHerKnowTests */,
				659B34521B7A23C800483C06 /* LetHerKnowUITests */,
				659B34311B7A23C800483C06 /* Products */,
			);
			sourceTree = "<group>";
		};
		659B34311B7A23C800483C06 /* Products */ = {
			isa = PBXGroup;
			children = (
				659B34301B7A23C800483C06 /* LetHerKnow.app */,
				659B34441B7A23C800483C06 /* LetHerKnowTests.xctest */,
				659B344F1B7A23C800483C06 /* LetHerKnowUITests.xctest */,
			);
			name = Products;
			sourceTree = "<group>";
		};
		659B34321B7A23C800483C06 /* LetHerKnow */ = {
			isa = PBXGroup;
			children = (
				659B34331B7A23C800483C06 /* AppDelegate.swift */,
				659B34351B7A23C800483C06 /* ViewController.swift */,
				659B34371B7A23C800483C06 /* Main.storyboard */,
				659B343A1B7A23C800483C06 /* Assets.xcassets */,
				659B343C1B7A23C800483C06 /* LaunchScreen.storyboard */,
				659B343F1B7A23C800483C06 /* Info.plist */,
			);
			path = LetHerKnow;
			sourceTree = "<group>";
		};
		659B34471B7A23C800483C06 /* LetHerKnowTests */ = {
			isa = PBXGroup;
			children = (
				659B34481B7A23C800483C06 /* LetHerKnowTests.swift */,
				659B344A1B7A23C800483C06 /* Info.plist */,
			);
			path = LetHerKnowTests;
			sourceTree = "<group>";
		};
		659B34521B7A23C800483C06 /* LetHerKnowUITests */ = {
			isa = PBXGroup;
			children = (
				659B34531B7A23C800483C06 /* LetHerKnowUITests.swift */,
				659B34551B7A23C800483C06 /* Info.plist */,
			);
			path = LetHerKnowUITests;
			sourceTree = "<group>";
		};
/* End PBXGroup section */

/* Begin PBXNativeTarget section */
		659B342F1B7A23C800483C06 /* LetHerKnow */ = {
			isa = PBXNativeTarget;
			buildConfigurationList = 659B34581B7A23C800483C06 /* Build configuration list for PBXNativeTarget "LetHerKnow" */;
			buildPhases = (
				659B342C1B7A23C800483C06 /* Sources */,
				659B342D1B7A23C800483C06 /* Frameworks */,
				659B342E1B7A23C800483C06 /* Resources */,
			);
			buildRules = (
			);
			dependencies = (
			);
			name = LetHerKnow;
			productName = LetHerKnow;
			productReference = 659B34301B7A23C800483C06 /* LetHerKnow.app */;
			productType = "com.apple.product-type.application";
		};
		659B34431B7A23C800483C06 /* LetHerKnowTests */ = {
			isa = PBXNativeTarget;
			buildConfigurationList = 659B345B1B7A23C800483C06 /* Build configuration list for PBXNativeTarget "LetHerKnowTests" */;
			buildPhases = (
				659B34401B7A23C800483C06 /* Sources */,
				659B34411B7A23C800483C06 /* Frameworks */,
				659B34421B7A23C800483C06 /* Resources */,
			);
			buildRules = (
			);
			dependencies = (
				659B34461B7A23C800483C06 /* PBXTargetDependency */,
			);
			name = LetHerKnowTests;
			productName = LetHerKnowTests;
			productReference = 659B34441B7A23C800483C06 /* LetHerKnowTests.xctest */;
			productType = "com.apple.product-type.bundle.unit-test";
		};
		659B344E1B7A23C800483C06 /* LetHerKnowUITests */ = {
			isa = PBXNativeTarget;
			buildConfigurationList = 659B345E1B7A23C800483C06 /* Build configuration list for PBXNativeTarget "LetHerKnowUITests" */;
			buildPhases = (
				659B344B1B7A23C800483C06 /* Sources */,
				659B344C1B7A23C800483C06 /* Frameworks */,
				659B344D1B7A23C800483C06 /* Resources */,
			);
			buildRules = (
			);
			dependencies = (
				659B34511B7A23C800483C06 /* PBXTargetDependency */,
			);
			name = LetHerKnowUITests;
			productName = LetHerKnowUITests;
			productReference = 659B344F1B7A23C800483C06 /* LetHerKnowUITests.xctest */;
			productType = "com.apple.product-type.bundle.ui-testing";
		};
/* End PBXNativeTarget section */

/* Begin PBXProject section */
		659B34281B7A23C800483C06 /* Project object */ = {
			isa = PBXProject;
			attributes = {
				LastUpgradeCheck = 0700;
				ORGANIZATIONNAME = "Daniel Garbień";
				TargetAttributes = {
					659B342F1B7A23C800483C06 = {
						CreatedOnToolsVersion = 7.0;
					};
					659B34431B7A23C800483C06 = {
						CreatedOnToolsVersion = 7.0;
						TestTargetID = 659B342F1B7A23C800483C06;
					};
					659B344E1B7A23C800483C06 = {
						CreatedOnToolsVersion = 7.0;
						TestTargetID = 659B342F1B7A23C800483C06;
					};
				};
			};
			buildConfigurationList = 659B342B1B7A23C800483C06 /* Build configuration list for PBXProject "LetHerKnow" */;
			compatibilityVersion = "Xcode 3.2";
			developmentRegion = English;
			hasScannedForEncodings = 0;
			knownRegions = (
				en,
				Base,
			);
			mainGroup = 659B34271B7A23C700483C06;
			productRefGroup = 659B34311B7A23C800483C06 /* Products */;
			projectDirPath = "";
			projectRoot = "";
			targets = (
				659B342F1B7A23C800483C06 /* LetHerKnow */,
				659B34431B7A23C800483C06 /* LetHerKnowTests */,
				659B344E1B7A23C800483C06 /* LetHerKnowUITests */,
			);
		};
/* End PBXProject section */

/* Begin PBXResourcesBuildPhase section */
		659B342E1B7A23C800483C06 /* Resources */ = {
			isa = PBXResourcesBuildPhase;
			buildActionMask = 2147483647;
			files = (
				659B343E1B7A23C800483C06 /* LaunchScreen.storyboard in Resources */,
				659B343B1B7A23C800483C06 /* Assets.xcassets in Resources */,
				659B34391B7A23C800483C06 /* Main.storyboard in Resources */,
			);
			runOnlyForDeploymentPostprocessing = 0;
		};
		659B34421B7A23C800483C06 /* Resources */ = {
			isa = PBXResourcesBuildPhase;
			buildActionMask = 2147483647;
			files = (
			);
			runOnlyForDeploymentPostprocessing = 0;
		};
		659B344D1B7A23C800483C06 /* Resources */ = {
			isa = PBXResourcesBuildPhase;
			buildActionMask = 2147483647;
			files = (
			);
			runOnlyForDeploymentPostprocessing = 0;
		};
/* End PBXResourcesBuildPhase section */

/* Begin PBXSourcesBuildPhase section */
		659B342C1B7A23C800483C06 /* Sources */ = {
			isa = PBXSourcesBuildPhase;
			buildActionMask = 2147483647;
			files = (
				659B34361B7A23C800483C06 /* ViewController.swift in Sources */,
				659B34341B7A23C800483C06 /* AppDelegate.swift in Sources */,
			);
			runOnlyForDeploymentPostprocessing = 0;
		};
		659B34401B7A23C800483C06 /* Sources */ = {
			isa = PBXSourcesBuildPhase;
			buildActionMask = 2147483647;
			files = (
				659B34491B7A23C800483C06 /* LetHerKnowTests.swift in Sources */,
			);
			runOnlyForDeploymentPostprocessing = 0;
		};
		659B344B1B7A23C800483C06 /* Sources */ = {
			isa = PBXSourcesBuildPhase;
			buildActionMask = 2147483647;
			files = (
				659B34541B7A23C800483C06 /* LetHerKnowUITests.swift in Sources */,
			);
			runOnlyForDeploymentPostprocessing = 0;
		};
/* End PBXSourcesBuildPhase section */

/* Begin PBXTargetDependency section */
		659B34461B7A23C800483C06 /* PBXTargetDependency */ = {
			isa = PBXTargetDependency;
			target = 659B342F1B7A23C800483C06 /* LetHerKnow */;
			targetProxy = 659B34451B7A23C800483C06 /* PBXContainerItemProxy */;
		};
		659B34511B7A23C800483C06 /* PBXTargetDependency */ = {
			isa = PBXTargetDependency;
			target = 659B342F1B7A23C800483C06 /* LetHerKnow */;
			targetProxy = 659B34501B7A23C800483C06 /* PBXContainerItemProxy */;
		};
/* End PBXTargetDependency section */

/* Begin PBXVariantGroup section */
		659B34371B7A23C800483C06 /* Main.storyboard */ = {
			isa = PBXVariantGroup;
			children = (
				659B34381B7A23C800483C06 /* Base */,
			);
			name = Main.storyboard;
			sourceTree = "<group>";
		};
		659B343C1B7A23C800483C06 /* LaunchScreen.storyboard */ = {
			isa = PBXVariantGroup;
			children = (
				659B343D1B7A23C800483C06 /* Base */,
			);
			name = LaunchScreen.storyboard;
			sourceTree = "<group>";
		};
/* End PBXVariantGroup section */

/* Begin XCBuildConfiguration section */
		659B34561B7A23C800483C06 /* Debug */ = {
			isa = XCBuildConfiguration;
			buildSettings = {
				ALWAYS_SEARCH_USER_PATHS = NO;
				CLANG_CXX_LANGUAGE_STANDARD = "gnu++0x";
				CLANG_CXX_LIBRARY = "libc++";
				CLANG_ENABLE_MODULES = YES;
				CLANG_ENABLE_OBJC_ARC = YES;
				CLANG_WARN_BOOL_CONVERSION = YES;
				CLANG_WARN_CONSTANT_CONVERSION = YES;
				CLANG_WARN_DIRECT_OBJC_ISA_USAGE = YES_ERROR;
				CLANG_WARN_EMPTY_BODY = YES;
				CLANG_WARN_ENUM_CONVERSION = YES;
				CLANG_WARN_INT_CONVERSION = YES;
				CLANG_WARN_OBJC_ROOT_CLASS = YES_ERROR;
				CLANG_WARN_UNREACHABLE_CODE = YES;
				CLANG_WARN__DUPLICATE_METHOD_MATCH = YES;
				"CODE_SIGN_IDENTITY[sdk=iphoneos*]" = "iPhone Developer";
				COPY_PHASE_STRIP = NO;
				DEBUG_INFORMATION_FORMAT = dwarf;
				ENABLE_STRICT_OBJC_MSGSEND = YES;
				ENABLE_TESTABILITY = YES;
				GCC_C_LANGUAGE_STANDARD = gnu99;
				GCC_DYNAMIC_NO_PIC = NO;
				GCC_NO_COMMON_BLOCKS = YES;
				GCC_OPTIMIZATION_LEVEL = 0;
				GCC_PREPROCESSOR_DEFINITIONS = (
					"DEBUG=1",
					"$(inherited)",
				);
				GCC_WARN_64_TO_32_BIT_CONVERSION = YES;
				GCC_WARN_ABOUT_RETURN_TYPE = YES_ERROR;
				GCC_WARN_UNDECLARED_SELECTOR = YES;
				GCC_WARN_UNINITIALIZED_AUTOS = YES_AGGRESSIVE;
				GCC_WARN_UNUSED_FUNCTION = YES;
				GCC_WARN_UNUSED_VARIABLE = YES;
				IPHONEOS_DEPLOYMENT_TARGET = 9.0;
				MTL_ENABLE_DEBUG_INFO = YES;
				ONLY_ACTIVE_ARCH = YES;
				SDKROOT = iphoneos;
				SWIFT_OPTIMIZATION_LEVEL = "-Onone";
			};
			name = Debug;
		};
		659B34571B7A23C800483C06 /* Release */ = {
			isa = XCBuildConfiguration;
			buildSettings = {
				ALWAYS_SEARCH_USER_PATHS = NO;
				CLANG_CXX_LANGUAGE_STANDARD = "gnu++0x";
				CLANG_CXX_LIBRARY = "libc++";
				CLANG_ENABLE_MODULES = YES;
				CLANG_ENABLE_OBJC_ARC = YES;
				CLANG_WARN_BOOL_CONVERSION = YES;
				CLANG_WARN_CONSTANT_CONVERSION = YES;
				CLANG_WARN_DIRECT_OBJC_ISA_USAGE = YES_ERROR;
				CLANG_WARN_EMPTY_BODY = YES;
				CLANG_WARN_ENUM_CONVERSION = YES;
				CLANG_WARN_INT_CONVERSION = YES;
				CLANG_WARN_OBJC_ROOT_CLASS = YES_ERROR;
				CLANG_WARN_UNREACHABLE_CODE = YES;
				CLANG_WARN__DUPLICATE_METHOD_MATCH = YES;
				"CODE_SIGN_IDENTITY[sdk=iphoneos*]" = "iPhone Developer";
				COPY_PHASE_STRIP = NO;
				DEBUG_INFORMATION_FORMAT = "dwarf-with-dsym";
				ENABLE_NS_ASSERTIONS = NO;
				ENABLE_STRICT_OBJC_MSGSEND = YES;
				GCC_C_LANGUAGE_STANDARD = gnu99;
				GCC_NO_COMMON_BLOCKS = YES;
				GCC_WARN_64_TO_32_BIT_CONVERSION = YES;
				GCC_WARN_ABOUT_RETURN_TYPE = YES_ERROR;
				GCC_WARN_UNDECLARED_SELECTOR = YES;
				GCC_WARN_UNINITIALIZED_AUTOS = YES_AGGRESSIVE;
				GCC_WARN_UNUSED_FUNCTION = YES;
				GCC_WARN_UNUSED_VARIABLE = YES;
				IPHONEOS_DEPLOYMENT_TARGET = 9.0;
				MTL_ENABLE_DEBUG_INFO = NO;
				SDKROOT = iphoneos;
				VALIDATE_PRODUCT = YES;
			};
			name = Release;
		};
		659B34591B7A23C800483C06 /* Debug */ = {
			isa = XCBuildConfiguration;
			buildSettings = {
				ASSETCATALOG_COMPILER_APPICON_NAME = AppIcon;
				INFOPLIST_FILE = LetHerKnow/Info.plist;
				LD_RUNPATH_SEARCH_PATHS = "$(inherited) @executable_path/Frameworks";
				PRODUCT_BUNDLE_IDENTIFIER = com.danielgarbien.LetHerKnow;
				PRODUCT_NAME = "$(TARGET_NAME)";
			};
			name = Debug;
		};
		659B345A1B7A23C800483C06 /* Release */ = {
			isa = XCBuildConfiguration;
			buildSettings = {
				ASSETCATALOG_COMPILER_APPICON_NAME = AppIcon;
				INFOPLIST_FILE = LetHerKnow/Info.plist;
				LD_RUNPATH_SEARCH_PATHS = "$(inherited) @executable_path/Frameworks";
				PRODUCT_BUNDLE_IDENTIFIER = com.danielgarbien.LetHerKnow;
				PRODUCT_NAME = "$(TARGET_NAME)";
			};
			name = Release;
		};
		659B345C1B7A23C800483C06 /* Debug */ = {
			isa = XCBuildConfiguration;
			buildSettings = {
				BUNDLE_LOADER = "$(TEST_HOST)";
				INFOPLIST_FILE = LetHerKnowTests/Info.plist;
				LD_RUNPATH_SEARCH_PATHS = "$(inherited) @executable_path/Frameworks @loader_path/Frameworks";
				PRODUCT_BUNDLE_IDENTIFIER = com.danielgarbien.LetHerKnowTests;
				PRODUCT_NAME = "$(TARGET_NAME)";
				TEST_HOST = "$(BUILT_PRODUCTS_DIR)/LetHerKnow.app/LetHerKnow";
			};
			name = Debug;
		};
		659B345D1B7A23C800483C06 /* Release */ = {
			isa = XCBuildConfiguration;
			buildSettings = {
				BUNDLE_LOADER = "$(TEST_HOST)";
				INFOPLIST_FILE = LetHerKnowTests/Info.plist;
				LD_RUNPATH_SEARCH_PATHS = "$(inherited) @executable_path/Frameworks @loader_path/Frameworks";
				PRODUCT_BUNDLE_IDENTIFIER = com.danielgarbien.LetHerKnowTests;
				PRODUCT_NAME = "$(TARGET_NAME)";
				TEST_HOST = "$(BUILT_PRODUCTS_DIR)/LetHerKnow.app/LetHerKnow";
			};
			name = Release;
		};
		659B345F1B7A23C800483C06 /* Debug */ = {
			isa = XCBuildConfiguration;
			buildSettings = {
				INFOPLIST_FILE = LetHerKnowUITests/Info.plist;
				LD_RUNPATH_SEARCH_PATHS = "$(inherited) @executable_path/Frameworks @loader_path/Frameworks";
				PRODUCT_BUNDLE_IDENTIFIER = com.danielgarbien.LetHerKnowUITests;
				PRODUCT_NAME = "$(TARGET_NAME)";
				TEST_TARGET_NAME = LetHerKnow;
				USES_XCTRUNNER = YES;
			};
			name = Debug;
		};
		659B34601B7A23C800483C06 /* Release */ = {
			isa = XCBuildConfiguration;
			buildSettings = {
				INFOPLIST_FILE = LetHerKnowUITests/Info.plist;
				LD_RUNPATH_SEARCH_PATHS = "$(inherited) @executable_path/Frameworks @loader_path/Frameworks";
				PRODUCT_BUNDLE_IDENTIFIER = com.danielgarbien.LetHerKnowUITests;
				PRODUCT_NAME = "$(TARGET_NAME)";
				TEST_TARGET_NAME = LetHerKnow;
				USES_XCTRUNNER = YES;
			};
			name = Release;
		};
/* End XCBuildConfiguration section */

/* Begin XCConfigurationList section */
		659B342B1B7A23C800483C06 /* Build configuration list for PBXProject "LetHerKnow" */ = {
			isa = XCConfigurationList;
			buildConfigurations = (
				659B34561B7A23C800483C06 /* Debug */,
				659B34571B7A23C800483C06 /* Release */,
			);
			defaultConfigurationIsVisible = 0;
			defaultConfigurationName = Release;
		};
		659B34581B7A23C800483C06 /* Build configuration list for PBXNativeTarget "LetHerKnow" */ = {
			isa = XCConfigurationList;
			buildConfigurations = (
				659B34591B7A23C800483C06 /* Debug */,
				659B345A1B7A23C800483C06 /* Release */,
			);
			defaultConfigurationIsVisible = 0;
		};
		659B345B1B7A23C800483C06 /* Build configuration list for PBXNativeTarget "LetHerKnowTests" */ = {
			isa = XCConfigurationList;
			buildConfigurations = (
				659B345C1B7A23C800483C06 /* Debug */,
				659B345D1B7A23C800483C06 /* Release */,
			);
			defaultConfigurationIsVisible = 0;
		};
		659B345E1B7A23C800483C06 /* Build configuration list for PBXNativeTarget "LetHerKnowUITests" */ = {
			isa = XCConfigurationList;
			buildConfigurations = (
				659B345F1B7A23C800483C06 /* Debug */,
				659B34601B7A23C800483C06 /* Release */,
			);
			defaultConfigurationIsVisible = 0;
		};
/* End XCConfigurationList section */
	};
	rootObject = 659B34281B7A23C800483C06 /* Project object */;
}
