// !$*UTF8*$!
{
	archiveVersion = 1;
	classes = {
	};
	objectVersion = 46;
	objects = {

/* Begin PBXBuildFile section */
		6559562C1B7C7FB2004E77A7 /* CoreDataStack.swift in Sources */ = {isa = PBXBuildFile; fileRef = 6559562B1B7C7FB2004E77A7 /* CoreDataStack.swift */; };
		6559562F1B7CB74E004E77A7 /* NSManagedObjectContextHelper.swift in Sources */ = {isa = PBXBuildFile; fileRef = 6559562E1B7CB74E004E77A7 /* NSManagedObjectContextHelper.swift */; };
		655956311B7CCB34004E77A7 /* NSManagedObjectContext+Contact.swift in Sources */ = {isa = PBXBuildFile; fileRef = 655956301B7CCB34004E77A7 /* NSManagedObjectContext+Contact.swift */; };
		659B34341B7A23C800483C06 /* AppDelegate.swift in Sources */ = {isa = PBXBuildFile; fileRef = 659B34331B7A23C800483C06 /* AppDelegate.swift */; };
		659B34361B7A23C800483C06 /* ViewController.swift in Sources */ = {isa = PBXBuildFile; fileRef = 659B34351B7A23C800483C06 /* ViewController.swift */; };
		659B34391B7A23C800483C06 /* Main.storyboard in Resources */ = {isa = PBXBuildFile; fileRef = 659B34371B7A23C800483C06 /* Main.storyboard */; };
		659B343B1B7A23C800483C06 /* Assets.xcassets in Resources */ = {isa = PBXBuildFile; fileRef = 659B343A1B7A23C800483C06 /* Assets.xcassets */; };
		659B343E1B7A23C800483C06 /* LaunchScreen.storyboard in Resources */ = {isa = PBXBuildFile; fileRef = 659B343C1B7A23C800483C06 /* LaunchScreen.storyboard */; };
		659B34491B7A23C800483C06 /* LetHerKnowTests.swift in Sources */ = {isa = PBXBuildFile; fileRef = 659B34481B7A23C800483C06 /* LetHerKnowTests.swift */; };
		659B34541B7A23C800483C06 /* LetHerKnowUITests.swift in Sources */ = {isa = PBXBuildFile; fileRef = 659B34531B7A23C800483C06 /* LetHerKnowUITests.swift */; };
		659B34651B7A3A7E00483C06 /* ConfigurationViewController.swift in Sources */ = {isa = PBXBuildFile; fileRef = 659B34641B7A3A7E00483C06 /* ConfigurationViewController.swift */; };
		65A596431B83579500A4EEAC /* ContactPickerHandler.swift in Sources */ = {isa = PBXBuildFile; fileRef = 65A596421B83579500A4EEAC /* ContactPickerHandler.swift */; };
		65A596451B8357F000A4EEAC /* ContactPickerDelegate.swift in Sources */ = {isa = PBXBuildFile; fileRef = 65A596441B8357F000A4EEAC /* ContactPickerDelegate.swift */; };
		65A596471B83596A00A4EEAC /* SoulmateContactPickerHandler.swift in Sources */ = {isa = PBXBuildFile; fileRef = 65A596461B83596A00A4EEAC /* SoulmateContactPickerHandler.swift */; };
		65A596491B835D5A00A4EEAC /* ContactsTableViewController.swift in Sources */ = {isa = PBXBuildFile; fileRef = 65A596481B835D5A00A4EEAC /* ContactsTableViewController.swift */; };
		65A5964B1B83629300A4EEAC /* SoulmateTableInternalsFactory.swift in Sources */ = {isa = PBXBuildFile; fileRef = 65A5964A1B83629300A4EEAC /* SoulmateTableInternalsFactory.swift */; };
		65A5964D1B836C2B00A4EEAC /* BuddiesTableInternalsFactory.swift in Sources */ = {isa = PBXBuildFile; fileRef = 65A5964C1B836C2B00A4EEAC /* BuddiesTableInternalsFactory.swift */; };
		65AFC9671B7B8F5100516B79 /* Model.xcdatamodeld in Sources */ = {isa = PBXBuildFile; fileRef = 65AFC9651B7B8F5100516B79 /* Model.xcdatamodeld */; };
		65AFC96B1B7B904300516B79 /* Contact.swift in Sources */ = {isa = PBXBuildFile; fileRef = 65AFC9691B7B904300516B79 /* Contact.swift */; };
		65B7B4591B7DCAF7008C3EF4 /* FetchedResultsTableViewDataSource.swift in Sources */ = {isa = PBXBuildFile; fileRef = 65B7B4581B7DCAF7008C3EF4 /* FetchedResultsTableViewDataSource.swift */; };
		65B7B45B1B7DE2A1008C3EF4 /* NSFetchRequest+Contact.swift in Sources */ = {isa = PBXBuildFile; fileRef = 65B7B45A1B7DE2A1008C3EF4 /* NSFetchRequest+Contact.swift */; };
		65B7B4631B7E0AB7008C3EF4 /* CNContact+Convenience.swift in Sources */ = {isa = PBXBuildFile; fileRef = 65B7B4621B7E0AB7008C3EF4 /* CNContact+Convenience.swift */; };
		65B7B46D1B7E235B008C3EF4 /* BuddyContactPickerHandler.swift in Sources */ = {isa = PBXBuildFile; fileRef = 65B7B46C1B7E235B008C3EF4 /* BuddyContactPickerHandler.swift */; };
		65F224251B847C7100F0D3B1 /* PhoneNumber+CoreDataProperties.swift in Sources */ = {isa = PBXBuildFile; fileRef = 65F224221B847C7100F0D3B1 /* PhoneNumber+CoreDataProperties.swift */; };
		65F224261B847C7100F0D3B1 /* PhoneNumber.swift in Sources */ = {isa = PBXBuildFile; fileRef = 65F224231B847C7100F0D3B1 /* PhoneNumber.swift */; };
		65F224271B847C7100F0D3B1 /* Contact+CoreDataProperties.swift in Sources */ = {isa = PBXBuildFile; fileRef = 65F224241B847C7100F0D3B1 /* Contact+CoreDataProperties.swift */; };
		65FF92F51B7CDBBE0011C7CC /* ContextAware.swift in Sources */ = {isa = PBXBuildFile; fileRef = 65FF92F41B7CDBBE0011C7CC /* ContextAware.swift */; };
/* End PBXBuildFile section */

/* Begin PBXContainerItemProxy section */
		659B34451B7A23C800483C06 /* PBXContainerItemProxy */ = {
			isa = PBXContainerItemProxy;
			containerPortal = 659B34281B7A23C800483C06 /* Project object */;
			proxyType = 1;
			remoteGlobalIDString = 659B342F1B7A23C800483C06;
			remoteInfo = LetHerKnow;
		};
		659B34501B7A23C800483C06 /* PBXContainerItemProxy */ = {
			isa = PBXContainerItemProxy;
			containerPortal = 659B34281B7A23C800483C06 /* Project object */;
			proxyType = 1;
			remoteGlobalIDString = 659B342F1B7A23C800483C06;
			remoteInfo = LetHerKnow;
		};
/* End PBXContainerItemProxy section */

/* Begin PBXFileReference section */
		6559562B1B7C7FB2004E77A7 /* CoreDataStack.swift */ = {isa = PBXFileReference; fileEncoding = 4; lastKnownFileType = sourcecode.swift; path = CoreDataStack.swift; sourceTree = "<group>"; };
		6559562E1B7CB74E004E77A7 /* NSManagedObjectContextHelper.swift */ = {isa = PBXFileReference; fileEncoding = 4; lastKnownFileType = sourcecode.swift; path = NSManagedObjectContextHelper.swift; sourceTree = "<group>"; };
		655956301B7CCB34004E77A7 /* NSManagedObjectContext+Contact.swift */ = {isa = PBXFileReference; fileEncoding = 4; lastKnownFileType = sourcecode.swift; path = "NSManagedObjectContext+Contact.swift"; sourceTree = "<group>"; };
		659B34301B7A23C800483C06 /* LetHerKnow.app */ = {isa = PBXFileReference; explicitFileType = wrapper.application; includeInIndex = 0; path = LetHerKnow.app; sourceTree = BUILT_PRODUCTS_DIR; };
		659B34331B7A23C800483C06 /* AppDelegate.swift */ = {isa = PBXFileReference; lastKnownFileType = sourcecode.swift; path = AppDelegate.swift; sourceTree = "<group>"; };
		659B34351B7A23C800483C06 /* ViewController.swift */ = {isa = PBXFileReference; lastKnownFileType = sourcecode.swift; path = ViewController.swift; sourceTree = "<group>"; };
		659B34381B7A23C800483C06 /* Base */ = {isa = PBXFileReference; lastKnownFileType = file.storyboard; name = Base; path = Base.lproj/Main.storyboard; sourceTree = "<group>"; };
		659B343A1B7A23C800483C06 /* Assets.xcassets */ = {isa = PBXFileReference; lastKnownFileType = folder.assetcatalog; path = Assets.xcassets; sourceTree = "<group>"; };
		659B343D1B7A23C800483C06 /* Base */ = {isa = PBXFileReference; lastKnownFileType = file.storyboard; name = Base; path = Base.lproj/LaunchScreen.storyboard; sourceTree = "<group>"; };
		659B343F1B7A23C800483C06 /* Info.plist */ = {isa = PBXFileReference; lastKnownFileType = text.plist.xml; path = Info.plist; sourceTree = "<group>"; };
		659B34441B7A23C800483C06 /* LetHerKnowTests.xctest */ = {isa = PBXFileReference; explicitFileType = wrapper.cfbundle; includeInIndex = 0; path = LetHerKnowTests.xctest; sourceTree = BUILT_PRODUCTS_DIR; };
		659B34481B7A23C800483C06 /* LetHerKnowTests.swift */ = {isa = PBXFileReference; lastKnownFileType = sourcecode.swift; path = LetHerKnowTests.swift; sourceTree = "<group>"; };
		659B344A1B7A23C800483C06 /* Info.plist */ = {isa = PBXFileReference; lastKnownFileType = text.plist.xml; path = Info.plist; sourceTree = "<group>"; };
		659B344F1B7A23C800483C06 /* LetHerKnowUITests.xctest */ = {isa = PBXFileReference; explicitFileType = wrapper.cfbundle; includeInIndex = 0; path = LetHerKnowUITests.xctest; sourceTree = BUILT_PRODUCTS_DIR; };
		659B34531B7A23C800483C06 /* LetHerKnowUITests.swift */ = {isa = PBXFileReference; lastKnownFileType = sourcecode.swift; path = LetHerKnowUITests.swift; sourceTree = "<group>"; };
		659B34551B7A23C800483C06 /* Info.plist */ = {isa = PBXFileReference; lastKnownFileType = text.plist.xml; path = Info.plist; sourceTree = "<group>"; };
		659B34641B7A3A7E00483C06 /* ConfigurationViewController.swift */ = {isa = PBXFileReference; fileEncoding = 4; lastKnownFileType = sourcecode.swift; path = ConfigurationViewController.swift; sourceTree = "<group>"; };
		65A596421B83579500A4EEAC /* ContactPickerHandler.swift */ = {isa = PBXFileReference; fileEncoding = 4; lastKnownFileType = sourcecode.swift; path = ContactPickerHandler.swift; sourceTree = "<group>"; };
		65A596441B8357F000A4EEAC /* ContactPickerDelegate.swift */ = {isa = PBXFileReference; fileEncoding = 4; lastKnownFileType = sourcecode.swift; path = ContactPickerDelegate.swift; sourceTree = "<group>"; };
		65A596461B83596A00A4EEAC /* SoulmateContactPickerHandler.swift */ = {isa = PBXFileReference; fileEncoding = 4; lastKnownFileType = sourcecode.swift; path = SoulmateContactPickerHandler.swift; sourceTree = "<group>"; };
		65A596481B835D5A00A4EEAC /* ContactsTableViewController.swift */ = {isa = PBXFileReference; fileEncoding = 4; lastKnownFileType = sourcecode.swift; path = ContactsTableViewController.swift; sourceTree = "<group>"; };
		65A5964A1B83629300A4EEAC /* SoulmateTableInternalsFactory.swift */ = {isa = PBXFileReference; fileEncoding = 4; lastKnownFileType = sourcecode.swift; path = SoulmateTableInternalsFactory.swift; sourceTree = "<group>"; };
		65A5964C1B836C2B00A4EEAC /* BuddiesTableInternalsFactory.swift */ = {isa = PBXFileReference; fileEncoding = 4; lastKnownFileType = sourcecode.swift; path = BuddiesTableInternalsFactory.swift; sourceTree = "<group>"; };
		65AFC9661B7B8F5100516B79 /* Model.xcdatamodel */ = {isa = PBXFileReference; lastKnownFileType = wrapper.xcdatamodel; path = Model.xcdatamodel; sourceTree = "<group>"; };
		65AFC9691B7B904300516B79 /* Contact.swift */ = {isa = PBXFileReference; fileEncoding = 4; lastKnownFileType = sourcecode.swift; path = Contact.swift; sourceTree = "<group>"; };
		65B7B4581B7DCAF7008C3EF4 /* FetchedResultsTableViewDataSource.swift */ = {isa = PBXFileReference; fileEncoding = 4; lastKnownFileType = sourcecode.swift; path = FetchedResultsTableViewDataSource.swift; sourceTree = "<group>"; };
		65B7B45A1B7DE2A1008C3EF4 /* NSFetchRequest+Contact.swift */ = {isa = PBXFileReference; fileEncoding = 4; lastKnownFileType = sourcecode.swift; path = "NSFetchRequest+Contact.swift"; sourceTree = "<group>"; };
		65B7B4621B7E0AB7008C3EF4 /* CNContact+Convenience.swift */ = {isa = PBXFileReference; fileEncoding = 4; lastKnownFileType = sourcecode.swift; path = "CNContact+Convenience.swift"; sourceTree = "<group>"; };
		65B7B46C1B7E235B008C3EF4 /* BuddyContactPickerHandler.swift */ = {isa = PBXFileReference; fileEncoding = 4; lastKnownFileType = sourcecode.swift; path = BuddyContactPickerHandler.swift; sourceTree = "<group>"; };
		65F224221B847C7100F0D3B1 /* PhoneNumber+CoreDataProperties.swift */ = {isa = PBXFileReference; fileEncoding = 4; lastKnownFileType = sourcecode.swift; path = "PhoneNumber+CoreDataProperties.swift"; sourceTree = "<group>"; };
		65F224231B847C7100F0D3B1 /* PhoneNumber.swift */ = {isa = PBXFileReference; fileEncoding = 4; lastKnownFileType = sourcecode.swift; path = PhoneNumber.swift; sourceTree = "<group>"; };
		65F224241B847C7100F0D3B1 /* Contact+CoreDataProperties.swift */ = {isa = PBXFileReference; fileEncoding = 4; lastKnownFileType = sourcecode.swift; path = "Contact+CoreDataProperties.swift"; sourceTree = "<group>"; };
		65FF92F41B7CDBBE0011C7CC /* ContextAware.swift */ = {isa = PBXFileReference; fileEncoding = 4; lastKnownFileType = sourcecode.swift; path = ContextAware.swift; sourceTree = "<group>"; };
/* End PBXFileReference section */

/* Begin PBXFrameworksBuildPhase section */
		659B342D1B7A23C800483C06 /* Frameworks */ = {
			isa = PBXFrameworksBuildPhase;
			buildActionMask = 2147483647;
			files = (
			);
			runOnlyForDeploymentPostprocessing = 0;
		};
		659B34411B7A23C800483C06 /* Frameworks */ = {
			isa = PBXFrameworksBuildPhase;
			buildActionMask = 2147483647;
			files = (
			);
			runOnlyForDeploymentPostprocessing = 0;
		};
		659B344C1B7A23C800483C06 /* Frameworks */ = {
			isa = PBXFrameworksBuildPhase;
			buildActionMask = 2147483647;
			files = (
			);
			runOnlyForDeploymentPostprocessing = 0;
		};
/* End PBXFrameworksBuildPhase section */

/* Begin PBXGroup section */
		6559562D1B7CB72F004E77A7 /* Generic */ = {
			isa = PBXGroup;
			children = (
				6559562B1B7C7FB2004E77A7 /* CoreDataStack.swift */,
				6559562E1B7CB74E004E77A7 /* NSManagedObjectContextHelper.swift */,
			);
			name = Generic;
			sourceTree = "<group>";
		};
		659B34271B7A23C700483C06 = {
			isa = PBXGroup;
			children = (
				659B34321B7A23C800483C06 /* LetHerKnow */,
				659B34471B7A23C800483C06 /* LetHerKnowTests */,
				659B34521B7A23C800483C06 /* LetHerKnowUITests */,
				659B34311B7A23C800483C06 /* Products */,
			);
			sourceTree = "<group>";
		};
		659B34311B7A23C800483C06 /* Products */ = {
			isa = PBXGroup;
			children = (
				659B34301B7A23C800483C06 /* LetHerKnow.app */,
				659B34441B7A23C800483C06 /* LetHerKnowTests.xctest */,
				659B344F1B7A23C800483C06 /* LetHerKnowUITests.xctest */,
			);
			name = Products;
			sourceTree = "<group>";
		};
		659B34321B7A23C800483C06 /* LetHerKnow */ = {
			isa = PBXGroup;
			children = (
				65AFC9641B7B8F2D00516B79 /* Model */,
				659B34661B7A3A8200483C06 /* Controller */,
				659B34331B7A23C800483C06 /* AppDelegate.swift */,
				659B34371B7A23C800483C06 /* Main.storyboard */,
				659B343A1B7A23C800483C06 /* Assets.xcassets */,
				659B343C1B7A23C800483C06 /* LaunchScreen.storyboard */,
				659B343F1B7A23C800483C06 /* Info.plist */,
			);
			path = LetHerKnow;
			sourceTree = "<group>";
		};
		659B34471B7A23C800483C06 /* LetHerKnowTests */ = {
			isa = PBXGroup;
			children = (
				659B34481B7A23C800483C06 /* LetHerKnowTests.swift */,
				659B344A1B7A23C800483C06 /* Info.plist */,
			);
			path = LetHerKnowTests;
			sourceTree = "<group>";
		};
		659B34521B7A23C800483C06 /* LetHerKnowUITests */ = {
			isa = PBXGroup;
			children = (
				659B34531B7A23C800483C06 /* LetHerKnowUITests.swift */,
				659B34551B7A23C800483C06 /* Info.plist */,
			);
			path = LetHerKnowUITests;
			sourceTree = "<group>";
		};
		659B34661B7A3A8200483C06 /* Controller */ = {
			isa = PBXGroup;
			children = (
				65A5964E1B8373AC00A4EEAC /* Protocols */,
				65B7B4661B7E0B5A008C3EF4 /* Configuration */,
				65B7B4571B7DCAC9008C3EF4 /* Generic */,
				659B34351B7A23C800483C06 /* ViewController.swift */,
			);
			name = Controller;
			sourceTree = "<group>";
		};
		65A5964E1B8373AC00A4EEAC /* Protocols */ = {
			isa = PBXGroup;
			children = (
				65FF92F41B7CDBBE0011C7CC /* ContextAware.swift */,
			);
			name = Protocols;
			sourceTree = "<group>";
		};
		65AFC9641B7B8F2D00516B79 /* Model */ = {
			isa = PBXGroup;
			children = (
				65F224281B847CC400F0D3B1 /* Helpers */,
				65B7B4611B7E0A9F008C3EF4 /* Contacts */,
				6559562D1B7CB72F004E77A7 /* Generic */,
				65AFC9651B7B8F5100516B79 /* Model.xcdatamodeld */,
				65AFC9691B7B904300516B79 /* Contact.swift */,
				65F224241B847C7100F0D3B1 /* Contact+CoreDataProperties.swift */,
				65F224231B847C7100F0D3B1 /* PhoneNumber.swift */,
				65F224221B847C7100F0D3B1 /* PhoneNumber+CoreDataProperties.swift */,
			);
			name = Model;
			sourceTree = "<group>";
		};
		65B7B4571B7DCAC9008C3EF4 /* Generic */ = {
			isa = PBXGroup;
			children = (
				65B7B4581B7DCAF7008C3EF4 /* FetchedResultsTableViewDataSource.swift */,
			);
			name = Generic;
			sourceTree = "<group>";
		};
		65B7B4611B7E0A9F008C3EF4 /* Contacts */ = {
			isa = PBXGroup;
			children = (
				65B7B4621B7E0AB7008C3EF4 /* CNContact+Convenience.swift */,
			);
			name = Contacts;
			sourceTree = "<group>";
		};
		65B7B4661B7E0B5A008C3EF4 /* Configuration */ = {
			isa = PBXGroup;
			children = (
				65B7B4681B7E0B79008C3EF4 /* Helpers */,
				659B34641B7A3A7E00483C06 /* ConfigurationViewController.swift */,
				65A596481B835D5A00A4EEAC /* ContactsTableViewController.swift */,
				65A5964A1B83629300A4EEAC /* SoulmateTableInternalsFactory.swift */,
				65A5964C1B836C2B00A4EEAC /* BuddiesTableInternalsFactory.swift */,
			);
			name = Configuration;
			sourceTree = "<group>";
		};
		65B7B4681B7E0B79008C3EF4 /* Helpers */ = {
			isa = PBXGroup;
			children = (
				65A596441B8357F000A4EEAC /* ContactPickerDelegate.swift */,
				65A596421B83579500A4EEAC /* ContactPickerHandler.swift */,
				65B7B46C1B7E235B008C3EF4 /* BuddyContactPickerHandler.swift */,
				65A596461B83596A00A4EEAC /* SoulmateContactPickerHandler.swift */,
			);
			name = Helpers;
			sourceTree = "<group>";
		};
		65F224281B847CC400F0D3B1 /* Helpers */ = {
			isa = PBXGroup;
			children = (
				655956301B7CCB34004E77A7 /* NSManagedObjectContext+Contact.swift */,
				65B7B45A1B7DE2A1008C3EF4 /* NSFetchRequest+Contact.swift */,
			);
			name = Helpers;
			sourceTree = "<group>";
		};
/* End PBXGroup section */

/* Begin PBXNativeTarget section */
		659B342F1B7A23C800483C06 /* LetHerKnow */ = {
			isa = PBXNativeTarget;
			buildConfigurationList = 659B34581B7A23C800483C06 /* Build configuration list for PBXNativeTarget "LetHerKnow" */;
			buildPhases = (
				659B342C1B7A23C800483C06 /* Sources */,
				659B342D1B7A23C800483C06 /* Frameworks */,
				659B342E1B7A23C800483C06 /* Resources */,
			);
			buildRules = (
			);
			dependencies = (
			);
			name = LetHerKnow;
			productName = LetHerKnow;
			productReference = 659B34301B7A23C800483C06 /* LetHerKnow.app */;
			productType = "com.apple.product-type.application";
		};
		659B34431B7A23C800483C06 /* LetHerKnowTests */ = {
			isa = PBXNativeTarget;
			buildConfigurationList = 659B345B1B7A23C800483C06 /* Build configuration list for PBXNativeTarget "LetHerKnowTests" */;
			buildPhases = (
				659B34401B7A23C800483C06 /* Sources */,
				659B34411B7A23C800483C06 /* Frameworks */,
				659B34421B7A23C800483C06 /* Resources */,
			);
			buildRules = (
			);
			dependencies = (
				659B34461B7A23C800483C06 /* PBXTargetDependency */,
			);
			name = LetHerKnowTests;
			productName = LetHerKnowTests;
			productReference = 659B34441B7A23C800483C06 /* LetHerKnowTests.xctest */;
			productType = "com.apple.product-type.bundle.unit-test";
		};
		659B344E1B7A23C800483C06 /* LetHerKnowUITests */ = {
			isa = PBXNativeTarget;
			buildConfigurationList = 659B345E1B7A23C800483C06 /* Build configuration list for PBXNativeTarget "LetHerKnowUITests" */;
			buildPhases = (
				659B344B1B7A23C800483C06 /* Sources */,
				659B344C1B7A23C800483C06 /* Frameworks */,
				659B344D1B7A23C800483C06 /* Resources */,
			);
			buildRules = (
			);
			dependencies = (
				659B34511B7A23C800483C06 /* PBXTargetDependency */,
			);
			name = LetHerKnowUITests;
			productName = LetHerKnowUITests;
			productReference = 659B344F1B7A23C800483C06 /* LetHerKnowUITests.xctest */;
			productType = "com.apple.product-type.bundle.ui-testing";
		};
/* End PBXNativeTarget section */

/* Begin PBXProject section */
		659B34281B7A23C800483C06 /* Project object */ = {
			isa = PBXProject;
			attributes = {
				LastUpgradeCheck = 0700;
				ORGANIZATIONNAME = "Daniel Garbień";
				TargetAttributes = {
					659B342F1B7A23C800483C06 = {
						CreatedOnToolsVersion = 7.0;
					};
					659B34431B7A23C800483C06 = {
						CreatedOnToolsVersion = 7.0;
						TestTargetID = 659B342F1B7A23C800483C06;
					};
					659B344E1B7A23C800483C06 = {
						CreatedOnToolsVersion = 7.0;
						TestTargetID = 659B342F1B7A23C800483C06;
					};
				};
			};
			buildConfigurationList = 659B342B1B7A23C800483C06 /* Build configuration list for PBXProject "LetHerKnow" */;
			compatibilityVersion = "Xcode 3.2";
			developmentRegion = English;
			hasScannedForEncodings = 0;
			knownRegions = (
				en,
				Base,
			);
			mainGroup = 659B34271B7A23C700483C06;
			productRefGroup = 659B34311B7A23C800483C06 /* Products */;
			projectDirPath = "";
			projectRoot = "";
			targets = (
				659B342F1B7A23C800483C06 /* LetHerKnow */,
				659B34431B7A23C800483C06 /* LetHerKnowTests */,
				659B344E1B7A23C800483C06 /* LetHerKnowUITests */,
			);
		};
/* End PBXProject section */

/* Begin PBXResourcesBuildPhase section */
		659B342E1B7A23C800483C06 /* Resources */ = {
			isa = PBXResourcesBuildPhase;
			buildActionMask = 2147483647;
			files = (
				659B343E1B7A23C800483C06 /* LaunchScreen.storyboard in Resources */,
				659B343B1B7A23C800483C06 /* Assets.xcassets in Resources */,
				659B34391B7A23C800483C06 /* Main.storyboard in Resources */,
			);
			runOnlyForDeploymentPostprocessing = 0;
		};
		659B34421B7A23C800483C06 /* Resources */ = {
			isa = PBXResourcesBuildPhase;
			buildActionMask = 2147483647;
			files = (
			);
			runOnlyForDeploymentPostprocessing = 0;
		};
		659B344D1B7A23C800483C06 /* Resources */ = {
			isa = PBXResourcesBuildPhase;
			buildActionMask = 2147483647;
			files = (
			);
			runOnlyForDeploymentPostprocessing = 0;
		};
/* End PBXResourcesBuildPhase section */

/* Begin PBXSourcesBuildPhase section */
		659B342C1B7A23C800483C06 /* Sources */ = {
			isa = PBXSourcesBuildPhase;
			buildActionMask = 2147483647;
			files = (
				65FF92F51B7CDBBE0011C7CC /* ContextAware.swift in Sources */,
				65F224251B847C7100F0D3B1 /* PhoneNumber+CoreDataProperties.swift in Sources */,
				659B34361B7A23C800483C06 /* ViewController.swift in Sources */,
				65A596491B835D5A00A4EEAC /* ContactsTableViewController.swift in Sources */,
				65B7B4631B7E0AB7008C3EF4 /* CNContact+Convenience.swift in Sources */,
				65A596471B83596A00A4EEAC /* SoulmateContactPickerHandler.swift in Sources */,
				65F224271B847C7100F0D3B1 /* Contact+CoreDataProperties.swift in Sources */,
				65A5964D1B836C2B00A4EEAC /* BuddiesTableInternalsFactory.swift in Sources */,
				65A5964B1B83629300A4EEAC /* SoulmateTableInternalsFactory.swift in Sources */,
				65F224261B847C7100F0D3B1 /* PhoneNumber.swift in Sources */,
				65B7B46D1B7E235B008C3EF4 /* BuddyContactPickerHandler.swift in Sources */,
				65AFC9671B7B8F5100516B79 /* Model.xcdatamodeld in Sources */,
				659B34341B7A23C800483C06 /* AppDelegate.swift in Sources */,
				6559562F1B7CB74E004E77A7 /* NSManagedObjectContextHelper.swift in Sources */,
				65B7B45B1B7DE2A1008C3EF4 /* NSFetchRequest+Contact.swift in Sources */,
				655956311B7CCB34004E77A7 /* NSManagedObjectContext+Contact.swift in Sources */,
				65B7B4591B7DCAF7008C3EF4 /* FetchedResultsTableViewDataSource.swift in Sources */,
				659B34651B7A3A7E00483C06 /* ConfigurationViewController.swift in Sources */,
				65AFC96B1B7B904300516B79 /* Contact.swift in Sources */,
				65A596451B8357F000A4EEAC /* ContactPickerDelegate.swift in Sources */,
				6559562C1B7C7FB2004E77A7 /* CoreDataStack.swift in Sources */,
				65A596431B83579500A4EEAC /* ContactPickerHandler.swift in Sources */,
			);
			runOnlyForDeploymentPostprocessing = 0;
		};
		659B34401B7A23C800483C06 /* Sources */ = {
			isa = PBXSourcesBuildPhase;
			buildActionMask = 2147483647;
			files = (
				659B34491B7A23C800483C06 /* LetHerKnowTests.swift in Sources */,
			);
			runOnlyForDeploymentPostprocessing = 0;
		};
		659B344B1B7A23C800483C06 /* Sources */ = {
			isa = PBXSourcesBuildPhase;
			buildActionMask = 2147483647;
			files = (
				659B34541B7A23C800483C06 /* LetHerKnowUITests.swift in Sources */,
			);
			runOnlyForDeploymentPostprocessing = 0;
		};
/* End PBXSourcesBuildPhase section */

/* Begin PBXTargetDependency section */
		659B34461B7A23C800483C06 /* PBXTargetDependency */ = {
			isa = PBXTargetDependency;
			target = 659B342F1B7A23C800483C06 /* LetHerKnow */;
			targetProxy = 659B34451B7A23C800483C06 /* PBXContainerItemProxy */;
		};
		659B34511B7A23C800483C06 /* PBXTargetDependency */ = {
			isa = PBXTargetDependency;
			target = 659B342F1B7A23C800483C06 /* LetHerKnow */;
			targetProxy = 659B34501B7A23C800483C06 /* PBXContainerItemProxy */;
		};
/* End PBXTargetDependency section */

/* Begin PBXVariantGroup section */
		659B34371B7A23C800483C06 /* Main.storyboard */ = {
			isa = PBXVariantGroup;
			children = (
				659B34381B7A23C800483C06 /* Base */,
			);
			name = Main.storyboard;
			sourceTree = "<group>";
		};
		659B343C1B7A23C800483C06 /* LaunchScreen.storyboard */ = {
			isa = PBXVariantGroup;
			children = (
				659B343D1B7A23C800483C06 /* Base */,
			);
			name = LaunchScreen.storyboard;
			sourceTree = "<group>";
		};
/* End PBXVariantGroup section */

/* Begin XCBuildConfiguration section */
		659B34561B7A23C800483C06 /* Debug */ = {
			isa = XCBuildConfiguration;
			buildSettings = {
				ALWAYS_SEARCH_USER_PATHS = NO;
				CLANG_CXX_LANGUAGE_STANDARD = "gnu++0x";
				CLANG_CXX_LIBRARY = "libc++";
				CLANG_ENABLE_MODULES = YES;
				CLANG_ENABLE_OBJC_ARC = YES;
				CLANG_WARN_BOOL_CONVERSION = YES;
				CLANG_WARN_CONSTANT_CONVERSION = YES;
				CLANG_WARN_DIRECT_OBJC_ISA_USAGE = YES_ERROR;
				CLANG_WARN_EMPTY_BODY = YES;
				CLANG_WARN_ENUM_CONVERSION = YES;
				CLANG_WARN_INT_CONVERSION = YES;
				CLANG_WARN_OBJC_ROOT_CLASS = YES_ERROR;
				CLANG_WARN_UNREACHABLE_CODE = YES;
				CLANG_WARN__DUPLICATE_METHOD_MATCH = YES;
				"CODE_SIGN_IDENTITY[sdk=iphoneos*]" = "iPhone Developer";
				COPY_PHASE_STRIP = NO;
				DEBUG_INFORMATION_FORMAT = dwarf;
				ENABLE_STRICT_OBJC_MSGSEND = YES;
				ENABLE_TESTABILITY = YES;
				GCC_C_LANGUAGE_STANDARD = gnu99;
				GCC_DYNAMIC_NO_PIC = NO;
				GCC_NO_COMMON_BLOCKS = YES;
				GCC_OPTIMIZATION_LEVEL = 0;
				GCC_PREPROCESSOR_DEFINITIONS = (
					"DEBUG=1",
					"$(inherited)",
				);
				GCC_WARN_64_TO_32_BIT_CONVERSION = YES;
				GCC_WARN_ABOUT_RETURN_TYPE = YES_ERROR;
				GCC_WARN_UNDECLARED_SELECTOR = YES;
				GCC_WARN_UNINITIALIZED_AUTOS = YES_AGGRESSIVE;
				GCC_WARN_UNUSED_FUNCTION = YES;
				GCC_WARN_UNUSED_VARIABLE = YES;
				IPHONEOS_DEPLOYMENT_TARGET = 9.0;
				MTL_ENABLE_DEBUG_INFO = YES;
				ONLY_ACTIVE_ARCH = YES;
				SDKROOT = iphoneos;
				SWIFT_OPTIMIZATION_LEVEL = "-Onone";
			};
			name = Debug;
		};
		659B34571B7A23C800483C06 /* Release */ = {
			isa = XCBuildConfiguration;
			buildSettings = {
				ALWAYS_SEARCH_USER_PATHS = NO;
				CLANG_CXX_LANGUAGE_STANDARD = "gnu++0x";
				CLANG_CXX_LIBRARY = "libc++";
				CLANG_ENABLE_MODULES = YES;
				CLANG_ENABLE_OBJC_ARC = YES;
				CLANG_WARN_BOOL_CONVERSION = YES;
				CLANG_WARN_CONSTANT_CONVERSION = YES;
				CLANG_WARN_DIRECT_OBJC_ISA_USAGE = YES_ERROR;
				CLANG_WARN_EMPTY_BODY = YES;
				CLANG_WARN_ENUM_CONVERSION = YES;
				CLANG_WARN_INT_CONVERSION = YES;
				CLANG_WARN_OBJC_ROOT_CLASS = YES_ERROR;
				CLANG_WARN_UNREACHABLE_CODE = YES;
				CLANG_WARN__DUPLICATE_METHOD_MATCH = YES;
				"CODE_SIGN_IDENTITY[sdk=iphoneos*]" = "iPhone Developer";
				COPY_PHASE_STRIP = NO;
				DEBUG_INFORMATION_FORMAT = "dwarf-with-dsym";
				ENABLE_NS_ASSERTIONS = NO;
				ENABLE_STRICT_OBJC_MSGSEND = YES;
				GCC_C_LANGUAGE_STANDARD = gnu99;
				GCC_NO_COMMON_BLOCKS = YES;
				GCC_WARN_64_TO_32_BIT_CONVERSION = YES;
				GCC_WARN_ABOUT_RETURN_TYPE = YES_ERROR;
				GCC_WARN_UNDECLARED_SELECTOR = YES;
				GCC_WARN_UNINITIALIZED_AUTOS = YES_AGGRESSIVE;
				GCC_WARN_UNUSED_FUNCTION = YES;
				GCC_WARN_UNUSED_VARIABLE = YES;
				IPHONEOS_DEPLOYMENT_TARGET = 9.0;
				MTL_ENABLE_DEBUG_INFO = NO;
				SDKROOT = iphoneos;
				VALIDATE_PRODUCT = YES;
			};
			name = Release;
		};
		659B34591B7A23C800483C06 /* Debug */ = {
			isa = XCBuildConfiguration;
			buildSettings = {
				ASSETCATALOG_COMPILER_APPICON_NAME = AppIcon;
				INFOPLIST_FILE = LetHerKnow/Info.plist;
				LD_RUNPATH_SEARCH_PATHS = "$(inherited) @executable_path/Frameworks";
				PRODUCT_BUNDLE_IDENTIFIER = com.danielgarbien.LetHerKnow;
				PRODUCT_NAME = "$(TARGET_NAME)";
			};
			name = Debug;
		};
		659B345A1B7A23C800483C06 /* Release */ = {
			isa = XCBuildConfiguration;
			buildSettings = {
				ASSETCATALOG_COMPILER_APPICON_NAME = AppIcon;
				INFOPLIST_FILE = LetHerKnow/Info.plist;
				LD_RUNPATH_SEARCH_PATHS = "$(inherited) @executable_path/Frameworks";
				PRODUCT_BUNDLE_IDENTIFIER = com.danielgarbien.LetHerKnow;
				PRODUCT_NAME = "$(TARGET_NAME)";
			};
			name = Release;
		};
		659B345C1B7A23C800483C06 /* Debug */ = {
			isa = XCBuildConfiguration;
			buildSettings = {
				BUNDLE_LOADER = "$(TEST_HOST)";
				INFOPLIST_FILE = LetHerKnowTests/Info.plist;
				LD_RUNPATH_SEARCH_PATHS = "$(inherited) @executable_path/Frameworks @loader_path/Frameworks";
				PRODUCT_BUNDLE_IDENTIFIER = com.danielgarbien.LetHerKnowTests;
				PRODUCT_NAME = "$(TARGET_NAME)";
				TEST_HOST = "$(BUILT_PRODUCTS_DIR)/LetHerKnow.app/LetHerKnow";
			};
			name = Debug;
		};
		659B345D1B7A23C800483C06 /* Release */ = {
			isa = XCBuildConfiguration;
			buildSettings = {
				BUNDLE_LOADER = "$(TEST_HOST)";
				INFOPLIST_FILE = LetHerKnowTests/Info.plist;
				LD_RUNPATH_SEARCH_PATHS = "$(inherited) @executable_path/Frameworks @loader_path/Frameworks";
				PRODUCT_BUNDLE_IDENTIFIER = com.danielgarbien.LetHerKnowTests;
				PRODUCT_NAME = "$(TARGET_NAME)";
				TEST_HOST = "$(BUILT_PRODUCTS_DIR)/LetHerKnow.app/LetHerKnow";
			};
			name = Release;
		};
		659B345F1B7A23C800483C06 /* Debug */ = {
			isa = XCBuildConfiguration;
			buildSettings = {
				INFOPLIST_FILE = LetHerKnowUITests/Info.plist;
				LD_RUNPATH_SEARCH_PATHS = "$(inherited) @executable_path/Frameworks @loader_path/Frameworks";
				PRODUCT_BUNDLE_IDENTIFIER = com.danielgarbien.LetHerKnowUITests;
				PRODUCT_NAME = "$(TARGET_NAME)";
				TEST_TARGET_NAME = LetHerKnow;
				USES_XCTRUNNER = YES;
			};
			name = Debug;
		};
		659B34601B7A23C800483C06 /* Release */ = {
			isa = XCBuildConfiguration;
			buildSettings = {
				INFOPLIST_FILE = LetHerKnowUITests/Info.plist;
				LD_RUNPATH_SEARCH_PATHS = "$(inherited) @executable_path/Frameworks @loader_path/Frameworks";
				PRODUCT_BUNDLE_IDENTIFIER = com.danielgarbien.LetHerKnowUITests;
				PRODUCT_NAME = "$(TARGET_NAME)";
				TEST_TARGET_NAME = LetHerKnow;
				USES_XCTRUNNER = YES;
			};
			name = Release;
		};
/* End XCBuildConfiguration section */

/* Begin XCConfigurationList section */
		659B342B1B7A23C800483C06 /* Build configuration list for PBXProject "LetHerKnow" */ = {
			isa = XCConfigurationList;
			buildConfigurations = (
				659B34561B7A23C800483C06 /* Debug */,
				659B34571B7A23C800483C06 /* Release */,
			);
			defaultConfigurationIsVisible = 0;
			defaultConfigurationName = Release;
		};
		659B34581B7A23C800483C06 /* Build configuration list for PBXNativeTarget "LetHerKnow" */ = {
			isa = XCConfigurationList;
			buildConfigurations = (
				659B34591B7A23C800483C06 /* Debug */,
				659B345A1B7A23C800483C06 /* Release */,
			);
			defaultConfigurationIsVisible = 0;
			defaultConfigurationName = Release;
		};
		659B345B1B7A23C800483C06 /* Build configuration list for PBXNativeTarget "LetHerKnowTests" */ = {
			isa = XCConfigurationList;
			buildConfigurations = (
				659B345C1B7A23C800483C06 /* Debug */,
				659B345D1B7A23C800483C06 /* Release */,
			);
			defaultConfigurationIsVisible = 0;
			defaultConfigurationName = Release;
		};
		659B345E1B7A23C800483C06 /* Build configuration list for PBXNativeTarget "LetHerKnowUITests" */ = {
			isa = XCConfigurationList;
			buildConfigurations = (
				659B345F1B7A23C800483C06 /* Debug */,
				659B34601B7A23C800483C06 /* Release */,
			);
			defaultConfigurationIsVisible = 0;
			defaultConfigurationName = Release;
		};
/* End XCConfigurationList section */

/* Begin XCVersionGroup section */
		65AFC9651B7B8F5100516B79 /* Model.xcdatamodeld */ = {
			isa = XCVersionGroup;
			children = (
				65AFC9661B7B8F5100516B79 /* Model.xcdatamodel */,
			);
			currentVersion = 65AFC9661B7B8F5100516B79 /* Model.xcdatamodel */;
			path = Model.xcdatamodeld;
			sourceTree = "<group>";
			versionGroupType = wrapper.xcdatamodel;
		};
/* End XCVersionGroup section */
	};
	rootObject = 659B34281B7A23C800483C06 /* Project object */;
}
